
Microsoft Visual Studio Solution File, Format Version 12.00
# Visual Studio Version 17
VisualStudioVersion = 17.13.35818.85 d17.13
MinimumVisualStudioVersion = 10.0.40219.1
Project("{FAE04EC0-301F-11D3-BF4B-00C04F79EFBC}") = "PRN222.ProductStore.WEB", "PRN222.ProductStore.WEB\PRN222.ProductStore.WEB.csproj", "{7E5A13DE-3127-402E-896E-F2176E7C4CCA}"
EndProject
Project("{FAE04EC0-301F-11D3-BF4B-00C04F79EFBC}") = "PRN222.ProductStore.Repository", "PRN222.ProductStore.Repository\PRN222.ProductStore.Repository.csproj", "{5B04FF5B-F162-4644-9F6F-A069EFA7D52F}"
EndProject
Project("{FAE04EC0-301F-11D3-BF4B-00C04F79EFBC}") = "PRN222.ProductStore.Service", "PRN222.ProductStore.Service\PRN222.ProductStore.Service.csproj", "{9465B869-9F6E-4AD8-A121-5BEB7BB9E370}"
EndProject
Global
	GlobalSection(SolutionConfigurationPlatforms) = preSolution
		Debug|Any CPU = Debug|Any CPU
		Release|Any CPU = Release|Any CPU
	EndGlobalSection
	GlobalSection(ProjectConfigurationPlatforms) = postSolution
		{7E5A13DE-3127-402E-896E-F2176E7C4CCA}.Debug|Any CPU.ActiveCfg = Debug|Any CPU
		{7E5A13DE-3127-402E-896E-F2176E7C4CCA}.Debug|Any CPU.Build.0 = Debug|Any CPU
		{7E5A13DE-3127-402E-896E-F2176E7C4CCA}.Release|Any CPU.ActiveCfg = Release|Any CPU
		{7E5A13DE-3127-402E-896E-F2176E7C4CCA}.Release|Any CPU.Build.0 = Release|Any CPU
		{5B04FF5B-F162-4644-9F6F-A069EFA7D52F}.Debug|Any CPU.ActiveCfg = Debug|Any CPU
		{5B04FF5B-F162-4644-9F6F-A069EFA7D52F}.Debug|Any CPU.Build.0 = Debug|Any CPU
		{5B04FF5B-F162-4644-9F6F-A069EFA7D52F}.Release|Any CPU.ActiveCfg = Release|Any CPU
		{5B04FF5B-F162-4644-9F6F-A069EFA7D52F}.Release|Any CPU.Build.0 = Release|Any CPU
		{9465B869-9F6E-4AD8-A121-5BEB7BB9E370}.Debug|Any CPU.ActiveCfg = Debug|Any CPU
		{9465B869-9F6E-4AD8-A121-5BEB7BB9E370}.Debug|Any CPU.Build.0 = Debug|Any CPU
		{9465B869-9F6E-4AD8-A121-5BEB7BB9E370}.Release|Any CPU.ActiveCfg = Release|Any CPU
		{9465B869-9F6E-4AD8-A121-5BEB7BB9E370}.Release|Any CPU.Build.0 = Release|Any CPU
	EndGlobalSection
	GlobalSection(SolutionProperties) = preSolution
		HideSolutionNode = FALSE
	EndGlobalSection
	GlobalSection(ExtensibilityGlobals) = postSolution
		SolutionGuid = {1E5196AB-E102-44DB-BE21-1580885565EA}
	EndGlobalSection
EndGlobal
